
Microsoft Visual Studio Solution File, Format Version 12.00
# Visual Studio Version 17
VisualStudioVersion = 17.9.34701.34
MinimumVisualStudioVersion = 10.0.40219.1
Project("{9A19103F-16F7-4668-BE54-9A1E7A4F7556}") = "NashTechListPersonMVC.WebApp", "NashTechListPersonMVC.WebApp\NashTechListPersonMVC.WebApp.csproj", "{3DADB9FB-78A7-449D-B215-11D3A19B8830}"
EndProject
Project("{9A19103F-16F7-4668-BE54-9A1E7A4F7556}") = "NashTechListPersonMVC.Model", "NashTechListPersonMVC.Model\NashTechListPersonMVC.Model.csproj", "{1FDBB396-BE06-4C2C-BB63-0351E45813BD}"
EndProject
Project("{9A19103F-16F7-4668-BE54-9A1E7A4F7556}") = "NashTechListPersonMVC.BusinessLogic", "NashTechListPersonMVC.BusinessLogic\NashTechListPersonMVC.BusinessLogic.csproj", "{3BBE0266-5FF9-42D6-94ED-382F40DA33C4}"
EndProject
Project("{FAE04EC0-301F-11D3-BF4B-00C04F79EFBC}") = "NashTechListPerson.Tests", "NashTechListPerson.Test\NashTechListPerson.Tests.csproj", "{F565218C-510D-441B-9165-D9E9E687ECCA}"
EndProject
Global
	GlobalSection(SolutionConfigurationPlatforms) = preSolution
		Debug|Any CPU = Debug|Any CPU
		Release|Any CPU = Release|Any CPU
	EndGlobalSection
	GlobalSection(ProjectConfigurationPlatforms) = postSolution
		{3DADB9FB-78A7-449D-B215-11D3A19B8830}.Debug|Any CPU.ActiveCfg = Debug|Any CPU
		{3DADB9FB-78A7-449D-B215-11D3A19B8830}.Debug|Any CPU.Build.0 = Debug|Any CPU
		{3DADB9FB-78A7-449D-B215-11D3A19B8830}.Release|Any CPU.ActiveCfg = Release|Any CPU
		{3DADB9FB-78A7-449D-B215-11D3A19B8830}.Release|Any CPU.Build.0 = Release|Any CPU
		{1FDBB396-BE06-4C2C-BB63-0351E45813BD}.Debug|Any CPU.ActiveCfg = Debug|Any CPU
		{1FDBB396-BE06-4C2C-BB63-0351E45813BD}.Debug|Any CPU.Build.0 = Debug|Any CPU
		{1FDBB396-BE06-4C2C-BB63-0351E45813BD}.Release|Any CPU.ActiveCfg = Release|Any CPU
		{1FDBB396-BE06-4C2C-BB63-0351E45813BD}.Release|Any CPU.Build.0 = Release|Any CPU
		{3BBE0266-5FF9-42D6-94ED-382F40DA33C4}.Debug|Any CPU.ActiveCfg = Debug|Any CPU
		{3BBE0266-5FF9-42D6-94ED-382F40DA33C4}.Debug|Any CPU.Build.0 = Debug|Any CPU
		{3BBE0266-5FF9-42D6-94ED-382F40DA33C4}.Release|Any CPU.ActiveCfg = Release|Any CPU
		{3BBE0266-5FF9-42D6-94ED-382F40DA33C4}.Release|Any CPU.Build.0 = Release|Any CPU
		{F565218C-510D-441B-9165-D9E9E687ECCA}.Debug|Any CPU.ActiveCfg = Debug|Any CPU
		{F565218C-510D-441B-9165-D9E9E687ECCA}.Debug|Any CPU.Build.0 = Debug|Any CPU
		{F565218C-510D-441B-9165-D9E9E687ECCA}.Release|Any CPU.ActiveCfg = Release|Any CPU
		{F565218C-510D-441B-9165-D9E9E687ECCA}.Release|Any CPU.Build.0 = Release|Any CPU
	EndGlobalSection
	GlobalSection(SolutionProperties) = preSolution
		HideSolutionNode = FALSE
	EndGlobalSection
	GlobalSection(ExtensibilityGlobals) = postSolution
		SolutionGuid = {FCC7E53A-64F1-45DB-AA7A-0D2D57FC0854}
	EndGlobalSection
EndGlobal
